
Microsoft Visual Studio Solution File, Format Version 12.00
# Visual Studio Version 16
VisualStudioVersion = 16.0.31702.278
MinimumVisualStudioVersion = 10.0.40219.1
Project("{8BC9CEB8-8B4A-11D0-8D11-00A0C91BC942}") = "Task1.1", "Task1\Task1.vcxproj", "{A7FD6B91-285A-4C5C-AD45-46F8632CA21A}"
EndProject
Project("{8BC9CEB8-8B4A-11D0-8D11-00A0C91BC942}") = "Task1.2", "Task2\Task2.vcxproj", "{6208CC02-8E94-4348-BFB4-DB775972FED1}"
EndProject
Project("{8BC9CEB8-8B4A-11D0-8D11-00A0C91BC942}") = "Task1.3", "Task1.3\Task1.3.vcxproj", "{037F48C1-4637-43F9-9FF1-BFFDB376F3BF}"
EndProject
Project("{8BC9CEB8-8B4A-11D0-8D11-00A0C91BC942}") = "Task2.1", "Task2.1\Task2.1.vcxproj", "{416B26CC-A20D-4FC7-B270-961F5DE6BDDE}"
EndProject
Project("{8BC9CEB8-8B4A-11D0-8D11-00A0C91BC942}") = "Task2.2", "Task2.2\Task2.2.vcxproj", "{200BF8DF-71D8-4E6F-8990-46CFB7CCA08C}"
EndProject
Project("{8BC9CEB8-8B4A-11D0-8D11-00A0C91BC942}") = "Task2.3", "Task2.3\Task2.3.vcxproj", "{AF66CAB9-53C0-4B79-9799-6C496AF88730}"
EndProject
Project("{8BC9CEB8-8B4A-11D0-8D11-00A0C91BC942}") = "Task3.1", "Task3.1\Task3.1.vcxproj", "{63F4BDDB-AF12-4DAC-9D6E-A8CA39FE8107}"
EndProject
Project("{8BC9CEB8-8B4A-11D0-8D11-00A0C91BC942}") = "Task3.2", "Task3.2\Task3.2.vcxproj", "{39B5B6D2-3C7B-44A5-8A6D-FA457B3FC494}"
EndProject
Project("{8BC9CEB8-8B4A-11D0-8D11-00A0C91BC942}") = "Task3.3", "Task3.3\Task3.3.vcxproj", "{7EC6C144-A095-4460-8BE4-0891F824ED20}"
EndProject
Project("{8BC9CEB8-8B4A-11D0-8D11-00A0C91BC942}") = "Task4.1", "Task4.1\Task4.1.vcxproj", "{130260C3-119A-44C4-A9D3-A93BFBB441F4}"
EndProject
Project("{8BC9CEB8-8B4A-11D0-8D11-00A0C91BC942}") = "Task4.2", "Task4.2\Task4.2.vcxproj", "{1A5EAC03-3339-47B4-A099-51F94E6E25E2}"
EndProject
Project("{8BC9CEB8-8B4A-11D0-8D11-00A0C91BC942}") = "Task4.3", "Task4.3\Task4.3.vcxproj", "{F07974EE-C071-4AC9-97BC-83EA883AF364}"
EndProject
Project("{8BC9CEB8-8B4A-11D0-8D11-00A0C91BC942}") = "Task5.1", "Task5.1\Task5.1.vcxproj", "{C33C3A98-A3F1-4A9A-8435-17EF76F69546}"
EndProject
Project("{8BC9CEB8-8B4A-11D0-8D11-00A0C91BC942}") = "Task5.2", "Task5.2\Task5.2.vcxproj", "{2685BA43-36DB-4AE3-86E9-7CF56EE2BC37}"
EndProject
Project("{8BC9CEB8-8B4A-11D0-8D11-00A0C91BC942}") = "Task5.3", "Task5.3\Task5.3.vcxproj", "{588740D8-ABB5-4550-9F8E-D00EDF4D292C}"
EndProject
Project("{8BC9CEB8-8B4A-11D0-8D11-00A0C91BC942}") = "Task6.1", "Task6.1\Task6.1.vcxproj", "{22476764-7E56-4217-921B-7D753A75C4B8}"
EndProject
Project("{8BC9CEB8-8B4A-11D0-8D11-00A0C91BC942}") = "Task6.2", "Task6.2\Task6.2.vcxproj", "{E521A7E4-36A5-4982-953D-EB94C69C5C90}"
EndProject
Project("{8BC9CEB8-8B4A-11D0-8D11-00A0C91BC942}") = "Task6.3", "Task6.3\Task6.3.vcxproj", "{EB1A7927-933A-448D-8C29-7258CEBE0CF9}"
EndProject
Global
	GlobalSection(SolutionConfigurationPlatforms) = preSolution
		Debug|x64 = Debug|x64
		Debug|x86 = Debug|x86
		Release|x64 = Release|x64
		Release|x86 = Release|x86
	EndGlobalSection
	GlobalSection(ProjectConfigurationPlatforms) = postSolution
		{A7FD6B91-285A-4C5C-AD45-46F8632CA21A}.Debug|x64.ActiveCfg = Debug|x64
		{A7FD6B91-285A-4C5C-AD45-46F8632CA21A}.Debug|x64.Build.0 = Debug|x64
		{A7FD6B91-285A-4C5C-AD45-46F8632CA21A}.Debug|x86.ActiveCfg = Debug|Win32
		{A7FD6B91-285A-4C5C-AD45-46F8632CA21A}.Debug|x86.Build.0 = Debug|Win32
		{A7FD6B91-285A-4C5C-AD45-46F8632CA21A}.Release|x64.ActiveCfg = Release|x64
		{A7FD6B91-285A-4C5C-AD45-46F8632CA21A}.Release|x64.Build.0 = Release|x64
		{A7FD6B91-285A-4C5C-AD45-46F8632CA21A}.Release|x86.ActiveCfg = Release|Win32
		{A7FD6B91-285A-4C5C-AD45-46F8632CA21A}.Release|x86.Build.0 = Release|Win32
		{6208CC02-8E94-4348-BFB4-DB775972FED1}.Debug|x64.ActiveCfg = Debug|x64
		{6208CC02-8E94-4348-BFB4-DB775972FED1}.Debug|x64.Build.0 = Debug|x64
		{6208CC02-8E94-4348-BFB4-DB775972FED1}.Debug|x86.ActiveCfg = Debug|Win32
		{6208CC02-8E94-4348-BFB4-DB775972FED1}.Debug|x86.Build.0 = Debug|Win32
		{6208CC02-8E94-4348-BFB4-DB775972FED1}.Release|x64.ActiveCfg = Release|x64
		{6208CC02-8E94-4348-BFB4-DB775972FED1}.Release|x64.Build.0 = Release|x64
		{6208CC02-8E94-4348-BFB4-DB775972FED1}.Release|x86.ActiveCfg = Release|Win32
		{6208CC02-8E94-4348-BFB4-DB775972FED1}.Release|x86.Build.0 = Release|Win32
		{037F48C1-4637-43F9-9FF1-BFFDB376F3BF}.Debug|x64.ActiveCfg = Debug|x64
		{037F48C1-4637-43F9-9FF1-BFFDB376F3BF}.Debug|x64.Build.0 = Debug|x64
		{037F48C1-4637-43F9-9FF1-BFFDB376F3BF}.Debug|x86.ActiveCfg = Debug|Win32
		{037F48C1-4637-43F9-9FF1-BFFDB376F3BF}.Debug|x86.Build.0 = Debug|Win32
		{037F48C1-4637-43F9-9FF1-BFFDB376F3BF}.Release|x64.ActiveCfg = Release|x64
		{037F48C1-4637-43F9-9FF1-BFFDB376F3BF}.Release|x64.Build.0 = Release|x64
		{037F48C1-4637-43F9-9FF1-BFFDB376F3BF}.Release|x86.ActiveCfg = Release|Win32
		{037F48C1-4637-43F9-9FF1-BFFDB376F3BF}.Release|x86.Build.0 = Release|Win32
		{416B26CC-A20D-4FC7-B270-961F5DE6BDDE}.Debug|x64.ActiveCfg = Debug|x64
		{416B26CC-A20D-4FC7-B270-961F5DE6BDDE}.Debug|x64.Build.0 = Debug|x64
		{416B26CC-A20D-4FC7-B270-961F5DE6BDDE}.Debug|x86.ActiveCfg = Debug|Win32
		{416B26CC-A20D-4FC7-B270-961F5DE6BDDE}.Debug|x86.Build.0 = Debug|Win32
		{416B26CC-A20D-4FC7-B270-961F5DE6BDDE}.Release|x64.ActiveCfg = Release|x64
		{416B26CC-A20D-4FC7-B270-961F5DE6BDDE}.Release|x64.Build.0 = Release|x64
		{416B26CC-A20D-4FC7-B270-961F5DE6BDDE}.Release|x86.ActiveCfg = Release|Win32
		{416B26CC-A20D-4FC7-B270-961F5DE6BDDE}.Release|x86.Build.0 = Release|Win32
		{200BF8DF-71D8-4E6F-8990-46CFB7CCA08C}.Debug|x64.ActiveCfg = Debug|x64
		{200BF8DF-71D8-4E6F-8990-46CFB7CCA08C}.Debug|x64.Build.0 = Debug|x64
		{200BF8DF-71D8-4E6F-8990-46CFB7CCA08C}.Debug|x86.ActiveCfg = Debug|Win32
		{200BF8DF-71D8-4E6F-8990-46CFB7CCA08C}.Debug|x86.Build.0 = Debug|Win32
		{200BF8DF-71D8-4E6F-8990-46CFB7CCA08C}.Release|x64.ActiveCfg = Release|x64
		{200BF8DF-71D8-4E6F-8990-46CFB7CCA08C}.Release|x64.Build.0 = Release|x64
		{200BF8DF-71D8-4E6F-8990-46CFB7CCA08C}.Release|x86.ActiveCfg = Release|Win32
		{200BF8DF-71D8-4E6F-8990-46CFB7CCA08C}.Release|x86.Build.0 = Release|Win32
		{AF66CAB9-53C0-4B79-9799-6C496AF88730}.Debug|x64.ActiveCfg = Debug|x64
		{AF66CAB9-53C0-4B79-9799-6C496AF88730}.Debug|x64.Build.0 = Debug|x64
		{AF66CAB9-53C0-4B79-9799-6C496AF88730}.Debug|x86.ActiveCfg = Debug|Win32
		{AF66CAB9-53C0-4B79-9799-6C496AF88730}.Debug|x86.Build.0 = Debug|Win32
		{AF66CAB9-53C0-4B79-9799-6C496AF88730}.Release|x64.ActiveCfg = Release|x64
		{AF66CAB9-53C0-4B79-9799-6C496AF88730}.Release|x64.Build.0 = Release|x64
		{AF66CAB9-53C0-4B79-9799-6C496AF88730}.Release|x86.ActiveCfg = Release|Win32
		{AF66CAB9-53C0-4B79-9799-6C496AF88730}.Release|x86.Build.0 = Release|Win32
		{63F4BDDB-AF12-4DAC-9D6E-A8CA39FE8107}.Debug|x64.ActiveCfg = Debug|x64
		{63F4BDDB-AF12-4DAC-9D6E-A8CA39FE8107}.Debug|x64.Build.0 = Debug|x64
		{63F4BDDB-AF12-4DAC-9D6E-A8CA39FE8107}.Debug|x86.ActiveCfg = Debug|Win32
		{63F4BDDB-AF12-4DAC-9D6E-A8CA39FE8107}.Debug|x86.Build.0 = Debug|Win32
		{63F4BDDB-AF12-4DAC-9D6E-A8CA39FE8107}.Release|x64.ActiveCfg = Release|x64
		{63F4BDDB-AF12-4DAC-9D6E-A8CA39FE8107}.Release|x64.Build.0 = Release|x64
		{63F4BDDB-AF12-4DAC-9D6E-A8CA39FE8107}.Release|x86.ActiveCfg = Release|Win32
		{63F4BDDB-AF12-4DAC-9D6E-A8CA39FE8107}.Release|x86.Build.0 = Release|Win32
		{39B5B6D2-3C7B-44A5-8A6D-FA457B3FC494}.Debug|x64.ActiveCfg = Debug|x64
		{39B5B6D2-3C7B-44A5-8A6D-FA457B3FC494}.Debug|x64.Build.0 = Debug|x64
		{39B5B6D2-3C7B-44A5-8A6D-FA457B3FC494}.Debug|x86.ActiveCfg = Debug|Win32
		{39B5B6D2-3C7B-44A5-8A6D-FA457B3FC494}.Debug|x86.Build.0 = Debug|Win32
		{39B5B6D2-3C7B-44A5-8A6D-FA457B3FC494}.Release|x64.ActiveCfg = Release|x64
		{39B5B6D2-3C7B-44A5-8A6D-FA457B3FC494}.Release|x64.Build.0 = Release|x64
		{39B5B6D2-3C7B-44A5-8A6D-FA457B3FC494}.Release|x86.ActiveCfg = Release|Win32
		{39B5B6D2-3C7B-44A5-8A6D-FA457B3FC494}.Release|x86.Build.0 = Release|Win32
		{7EC6C144-A095-4460-8BE4-0891F824ED20}.Debug|x64.ActiveCfg = Debug|x64
		{7EC6C144-A095-4460-8BE4-0891F824ED20}.Debug|x64.Build.0 = Debug|x64
		{7EC6C144-A095-4460-8BE4-0891F824ED20}.Debug|x86.ActiveCfg = Debug|Win32
		{7EC6C144-A095-4460-8BE4-0891F824ED20}.Debug|x86.Build.0 = Debug|Win32
		{7EC6C144-A095-4460-8BE4-0891F824ED20}.Release|x64.ActiveCfg = Release|x64
		{7EC6C144-A095-4460-8BE4-0891F824ED20}.Release|x64.Build.0 = Release|x64
		{7EC6C144-A095-4460-8BE4-0891F824ED20}.Release|x86.ActiveCfg = Release|Win32
		{7EC6C144-A095-4460-8BE4-0891F824ED20}.Release|x86.Build.0 = Release|Win32
		{130260C3-119A-44C4-A9D3-A93BFBB441F4}.Debug|x64.ActiveCfg = Debug|x64
		{130260C3-119A-44C4-A9D3-A93BFBB441F4}.Debug|x64.Build.0 = Debug|x64
		{130260C3-119A-44C4-A9D3-A93BFBB441F4}.Debug|x86.ActiveCfg = Debug|Win32
		{130260C3-119A-44C4-A9D3-A93BFBB441F4}.Debug|x86.Build.0 = Debug|Win32
		{130260C3-119A-44C4-A9D3-A93BFBB441F4}.Release|x64.ActiveCfg = Release|x64
		{130260C3-119A-44C4-A9D3-A93BFBB441F4}.Release|x64.Build.0 = Release|x64
		{130260C3-119A-44C4-A9D3-A93BFBB441F4}.Release|x86.ActiveCfg = Release|Win32
		{130260C3-119A-44C4-A9D3-A93BFBB441F4}.Release|x86.Build.0 = Release|Win32
		{1A5EAC03-3339-47B4-A099-51F94E6E25E2}.Debug|x64.ActiveCfg = Debug|x64
		{1A5EAC03-3339-47B4-A099-51F94E6E25E2}.Debug|x64.Build.0 = Debug|x64
		{1A5EAC03-3339-47B4-A099-51F94E6E25E2}.Debug|x86.ActiveCfg = Debug|Win32
		{1A5EAC03-3339-47B4-A099-51F94E6E25E2}.Debug|x86.Build.0 = Debug|Win32
		{1A5EAC03-3339-47B4-A099-51F94E6E25E2}.Release|x64.ActiveCfg = Release|x64
		{1A5EAC03-3339-47B4-A099-51F94E6E25E2}.Release|x64.Build.0 = Release|x64
		{1A5EAC03-3339-47B4-A099-51F94E6E25E2}.Release|x86.ActiveCfg = Release|Win32
		{1A5EAC03-3339-47B4-A099-51F94E6E25E2}.Release|x86.Build.0 = Release|Win32
		{F07974EE-C071-4AC9-97BC-83EA883AF364}.Debug|x64.ActiveCfg = Debug|x64
		{F07974EE-C071-4AC9-97BC-83EA883AF364}.Debug|x64.Build.0 = Debug|x64
		{F07974EE-C071-4AC9-97BC-83EA883AF364}.Debug|x86.ActiveCfg = Debug|Win32
		{F07974EE-C071-4AC9-97BC-83EA883AF364}.Debug|x86.Build.0 = Debug|Win32
		{F07974EE-C071-4AC9-97BC-83EA883AF364}.Release|x64.ActiveCfg = Release|x64
		{F07974EE-C071-4AC9-97BC-83EA883AF364}.Release|x64.Build.0 = Release|x64
		{F07974EE-C071-4AC9-97BC-83EA883AF364}.Release|x86.ActiveCfg = Release|Win32
		{F07974EE-C071-4AC9-97BC-83EA883AF364}.Release|x86.Build.0 = Release|Win32
		{C33C3A98-A3F1-4A9A-8435-17EF76F69546}.Debug|x64.ActiveCfg = Debug|x64
		{C33C3A98-A3F1-4A9A-8435-17EF76F69546}.Debug|x64.Build.0 = Debug|x64
		{C33C3A98-A3F1-4A9A-8435-17EF76F69546}.Debug|x86.ActiveCfg = Debug|Win32
		{C33C3A98-A3F1-4A9A-8435-17EF76F69546}.Debug|x86.Build.0 = Debug|Win32
		{C33C3A98-A3F1-4A9A-8435-17EF76F69546}.Release|x64.ActiveCfg = Release|x64
		{C33C3A98-A3F1-4A9A-8435-17EF76F69546}.Release|x64.Build.0 = Release|x64
		{C33C3A98-A3F1-4A9A-8435-17EF76F69546}.Release|x86.ActiveCfg = Release|Win32
		{C33C3A98-A3F1-4A9A-8435-17EF76F69546}.Release|x86.Build.0 = Release|Win32
		{2685BA43-36DB-4AE3-86E9-7CF56EE2BC37}.Debug|x64.ActiveCfg = Debug|x64
		{2685BA43-36DB-4AE3-86E9-7CF56EE2BC37}.Debug|x64.Build.0 = Debug|x64
		{2685BA43-36DB-4AE3-86E9-7CF56EE2BC37}.Debug|x86.ActiveCfg = Debug|Win32
		{2685BA43-36DB-4AE3-86E9-7CF56EE2BC37}.Debug|x86.Build.0 = Debug|Win32
		{2685BA43-36DB-4AE3-86E9-7CF56EE2BC37}.Release|x64.ActiveCfg = Release|x64
		{2685BA43-36DB-4AE3-86E9-7CF56EE2BC37}.Release|x64.Build.0 = Release|x64
		{2685BA43-36DB-4AE3-86E9-7CF56EE2BC37}.Release|x86.ActiveCfg = Release|Win32
		{2685BA43-36DB-4AE3-86E9-7CF56EE2BC37}.Release|x86.Build.0 = Release|Win32
		{588740D8-ABB5-4550-9F8E-D00EDF4D292C}.Debug|x64.ActiveCfg = Debug|x64
		{588740D8-ABB5-4550-9F8E-D00EDF4D292C}.Debug|x64.Build.0 = Debug|x64
		{588740D8-ABB5-4550-9F8E-D00EDF4D292C}.Debug|x86.ActiveCfg = Debug|Win32
		{588740D8-ABB5-4550-9F8E-D00EDF4D292C}.Debug|x86.Build.0 = Debug|Win32
		{588740D8-ABB5-4550-9F8E-D00EDF4D292C}.Release|x64.ActiveCfg = Release|x64
		{588740D8-ABB5-4550-9F8E-D00EDF4D292C}.Release|x64.Build.0 = Release|x64
		{588740D8-ABB5-4550-9F8E-D00EDF4D292C}.Release|x86.ActiveCfg = Release|Win32
		{588740D8-ABB5-4550-9F8E-D00EDF4D292C}.Release|x86.Build.0 = Release|Win32
		{22476764-7E56-4217-921B-7D753A75C4B8}.Debug|x64.ActiveCfg = Debug|x64
		{22476764-7E56-4217-921B-7D753A75C4B8}.Debug|x64.Build.0 = Debug|x64
		{22476764-7E56-4217-921B-7D753A75C4B8}.Debug|x86.ActiveCfg = Debug|Win32
		{22476764-7E56-4217-921B-7D753A75C4B8}.Debug|x86.Build.0 = Debug|Win32
		{22476764-7E56-4217-921B-7D753A75C4B8}.Release|x64.ActiveCfg = Release|x64
		{22476764-7E56-4217-921B-7D753A75C4B8}.Release|x64.Build.0 = Release|x64
		{22476764-7E56-4217-921B-7D753A75C4B8}.Release|x86.ActiveCfg = Release|Win32
		{22476764-7E56-4217-921B-7D753A75C4B8}.Release|x86.Build.0 = Release|Win32
		{E521A7E4-36A5-4982-953D-EB94C69C5C90}.Debug|x64.ActiveCfg = Debug|x64
		{E521A7E4-36A5-4982-953D-EB94C69C5C90}.Debug|x64.Build.0 = Debug|x64
		{E521A7E4-36A5-4982-953D-EB94C69C5C90}.Debug|x86.ActiveCfg = Debug|Win32
		{E521A7E4-36A5-4982-953D-EB94C69C5C90}.Debug|x86.Build.0 = Debug|Win32
		{E521A7E4-36A5-4982-953D-EB94C69C5C90}.Release|x64.ActiveCfg = Release|x64
		{E521A7E4-36A5-4982-953D-EB94C69C5C90}.Release|x64.Build.0 = Release|x64
		{E521A7E4-36A5-4982-953D-EB94C69C5C90}.Release|x86.ActiveCfg = Release|Win32
		{E521A7E4-36A5-4982-953D-EB94C69C5C90}.Release|x86.Build.0 = Release|Win32
		{EB1A7927-933A-448D-8C29-7258CEBE0CF9}.Debug|x64.ActiveCfg = Debug|x64
		{EB1A7927-933A-448D-8C29-7258CEBE0CF9}.Debug|x64.Build.0 = Debug|x64
		{EB1A7927-933A-448D-8C29-7258CEBE0CF9}.Debug|x86.ActiveCfg = Debug|Win32
		{EB1A7927-933A-448D-8C29-7258CEBE0CF9}.Debug|x86.Build.0 = Debug|Win32
		{EB1A7927-933A-448D-8C29-7258CEBE0CF9}.Release|x64.ActiveCfg = Release|x64
		{EB1A7927-933A-448D-8C29-7258CEBE0CF9}.Release|x64.Build.0 = Release|x64
		{EB1A7927-933A-448D-8C29-7258CEBE0CF9}.Release|x86.ActiveCfg = Release|Win32
		{EB1A7927-933A-448D-8C29-7258CEBE0CF9}.Release|x86.Build.0 = Release|Win32
	EndGlobalSection
	GlobalSection(SolutionProperties) = preSolution
		HideSolutionNode = FALSE
	EndGlobalSection
	GlobalSection(ExtensibilityGlobals) = postSolution
		SolutionGuid = {CE3D766E-573E-47BD-9C4E-510595D59A5E}
	EndGlobalSection
EndGlobal
